// !$*UTF8*$!
{
	archiveVersion = 1;
	classes = {
	};
	objectVersion = 56;
	objects = {

/* Begin PBXBuildFile section */
		0E1C32862B936E3B00A6B9B5 /* SignInController.swift in Sources */ = {isa = PBXBuildFile; fileRef = 0E1C32852B936E3B00A6B9B5 /* SignInController.swift */; };
		0E1C32882B93863E00A6B9B5 /* SignInViewModel.swift in Sources */ = {isa = PBXBuildFile; fileRef = 0E1C32872B93863E00A6B9B5 /* SignInViewModel.swift */; };
		0E1C328C2B9389F300A6B9B5 /* FirebaseAuthManager.swift in Sources */ = {isa = PBXBuildFile; fileRef = 0E1C328B2B9389F300A6B9B5 /* FirebaseAuthManager.swift */; };
		0E1C328E2B93909200A6B9B5 /* SignUpController.swift in Sources */ = {isa = PBXBuildFile; fileRef = 0E1C328D2B93909200A6B9B5 /* SignUpController.swift */; };
		0E3B051B2B92546F00BBC695 /* AppDelegate.swift in Sources */ = {isa = PBXBuildFile; fileRef = 0E3B051A2B92546F00BBC695 /* AppDelegate.swift */; };
		0E3B051D2B92546F00BBC695 /* SceneDelegate.swift in Sources */ = {isa = PBXBuildFile; fileRef = 0E3B051C2B92546F00BBC695 /* SceneDelegate.swift */; };
		0E3B051F2B92546F00BBC695 /* ViewController.swift in Sources */ = {isa = PBXBuildFile; fileRef = 0E3B051E2B92546F00BBC695 /* ViewController.swift */; };
		0E3B05222B92546F00BBC695 /* Main.storyboard in Resources */ = {isa = PBXBuildFile; fileRef = 0E3B05202B92546F00BBC695 /* Main.storyboard */; };
		0E3B05242B92547000BBC695 /* Assets.xcassets in Resources */ = {isa = PBXBuildFile; fileRef = 0E3B05232B92547000BBC695 /* Assets.xcassets */; };
		0E3B05272B92547000BBC695 /* LaunchScreen.storyboard in Resources */ = {isa = PBXBuildFile; fileRef = 0E3B05252B92547000BBC695 /* LaunchScreen.storyboard */; };
		0E3B052F2B925C3600BBC695 /* MainTabBarController.swift in Sources */ = {isa = PBXBuildFile; fileRef = 0E3B052E2B925C3600BBC695 /* MainTabBarController.swift */; };
		0E3B05322B9261BD00BBC695 /* CategoriesController.swift in Sources */ = {isa = PBXBuildFile; fileRef = 0E3B05312B9261BD00BBC695 /* CategoriesController.swift */; };
		0E3B05352B92620200BBC695 /* SearchController.swift in Sources */ = {isa = PBXBuildFile; fileRef = 0E3B05342B92620200BBC695 /* SearchController.swift */; };
		0E3B05372B9262CF00BBC695 /* BasketController.swift in Sources */ = {isa = PBXBuildFile; fileRef = 0E3B05362B9262CF00BBC695 /* BasketController.swift */; };
		0E3B05392B9262E200BBC695 /* ProfileController.swift in Sources */ = {isa = PBXBuildFile; fileRef = 0E3B05382B9262E200BBC695 /* ProfileController.swift */; };
		0E3B053C2B926CE400BBC695 /* HomeCollectionCell.swift in Sources */ = {isa = PBXBuildFile; fileRef = 0E3B053B2B926CE400BBC695 /* HomeCollectionCell.swift */; };
		0E3B05432B9294BF00BBC695 /* Extensions.swift in Sources */ = {isa = PBXBuildFile; fileRef = 0E3B05422B9294BF00BBC695 /* Extensions.swift */; };
		0E3B05452B92974200BBC695 /* Categories.swift in Sources */ = {isa = PBXBuildFile; fileRef = 0E3B05442B92974200BBC695 /* Categories.swift */; };
		0E3B05482B929A9E00BBC695 /* ProductsController.swift in Sources */ = {isa = PBXBuildFile; fileRef = 0E3B05472B929A9E00BBC695 /* ProductsController.swift */; };
		0E3B054A2B92A14E00BBC695 /* ProductTableCell.swift in Sources */ = {isa = PBXBuildFile; fileRef = 0E3B05492B92A14E00BBC695 /* ProductTableCell.swift */; };
		0E5336432B9498400067E188 /* SignUpViewModel.swift in Sources */ = {isa = PBXBuildFile; fileRef = 0E5336422B9498400067E188 /* SignUpViewModel.swift */; };
		0E5336452B94A3500067E188 /* User.swift in Sources */ = {isa = PBXBuildFile; fileRef = 0E5336442B94A3500067E188 /* User.swift */; };
		0E5336492B94AC200067E188 /* FCollectionReference.swift in Sources */ = {isa = PBXBuildFile; fileRef = 0E5336482B94AC200067E188 /* FCollectionReference.swift */; };
		0E53364B2B94F9E70067E188 /* FileStorage.swift in Sources */ = {isa = PBXBuildFile; fileRef = 0E53364A2B94F9E70067E188 /* FileStorage.swift */; };
		0EFF69C42B933EBC007D996C /* CategoryViewModel.swift in Sources */ = {isa = PBXBuildFile; fileRef = 0EFF69C32B933EBC007D996C /* CategoryViewModel.swift */; };
		0EFF69C62B934B8A007D996C /* FavoritesController.swift in Sources */ = {isa = PBXBuildFile; fileRef = 0EFF69C52B934B8A007D996C /* FavoritesController.swift */; };
		0EFF69C82B9354B7007D996C /* ProductController.swift in Sources */ = {isa = PBXBuildFile; fileRef = 0EFF69C72B9354B7007D996C /* ProductController.swift */; };
		0EFF69CA2B9359C2007D996C /* AddProductController.swift in Sources */ = {isa = PBXBuildFile; fileRef = 0EFF69C92B9359C2007D996C /* AddProductController.swift */; };
		0EFF69CC2B9367BB007D996C /* GoogleService-Info.plist in Resources */ = {isa = PBXBuildFile; fileRef = 0EFF69CB2B9367BB007D996C /* GoogleService-Info.plist */; };
		C21A12E26919E721054D924B /* Pods_eBay.framework in Frameworks */ = {isa = PBXBuildFile; fileRef = A21E4F729A967F0D02ACA7E8 /* Pods_eBay.framework */; };
/* End PBXBuildFile section */

/* Begin PBXFileReference section */
		0E1C32852B936E3B00A6B9B5 /* SignInController.swift */ = {isa = PBXFileReference; lastKnownFileType = sourcecode.swift; path = SignInController.swift; sourceTree = "<group>"; };
		0E1C32872B93863E00A6B9B5 /* SignInViewModel.swift */ = {isa = PBXFileReference; lastKnownFileType = sourcecode.swift; path = SignInViewModel.swift; sourceTree = "<group>"; };
		0E1C328B2B9389F300A6B9B5 /* FirebaseAuthManager.swift */ = {isa = PBXFileReference; lastKnownFileType = sourcecode.swift; path = FirebaseAuthManager.swift; sourceTree = "<group>"; };
		0E1C328D2B93909200A6B9B5 /* SignUpController.swift */ = {isa = PBXFileReference; lastKnownFileType = sourcecode.swift; path = SignUpController.swift; sourceTree = "<group>"; };
		0E3B05172B92546F00BBC695 /* eBay.app */ = {isa = PBXFileReference; explicitFileType = wrapper.application; includeInIndex = 0; path = eBay.app; sourceTree = BUILT_PRODUCTS_DIR; };
		0E3B051A2B92546F00BBC695 /* AppDelegate.swift */ = {isa = PBXFileReference; lastKnownFileType = sourcecode.swift; path = AppDelegate.swift; sourceTree = "<group>"; };
		0E3B051C2B92546F00BBC695 /* SceneDelegate.swift */ = {isa = PBXFileReference; lastKnownFileType = sourcecode.swift; path = SceneDelegate.swift; sourceTree = "<group>"; };
		0E3B051E2B92546F00BBC695 /* ViewController.swift */ = {isa = PBXFileReference; lastKnownFileType = sourcecode.swift; path = ViewController.swift; sourceTree = "<group>"; };
		0E3B05212B92546F00BBC695 /* Base */ = {isa = PBXFileReference; lastKnownFileType = file.storyboard; name = Base; path = Base.lproj/Main.storyboard; sourceTree = "<group>"; };
		0E3B05232B92547000BBC695 /* Assets.xcassets */ = {isa = PBXFileReference; lastKnownFileType = folder.assetcatalog; path = Assets.xcassets; sourceTree = "<group>"; };
		0E3B05262B92547000BBC695 /* Base */ = {isa = PBXFileReference; lastKnownFileType = file.storyboard; name = Base; path = Base.lproj/LaunchScreen.storyboard; sourceTree = "<group>"; };
		0E3B05282B92547000BBC695 /* Info.plist */ = {isa = PBXFileReference; lastKnownFileType = text.plist.xml; path = Info.plist; sourceTree = "<group>"; };
		0E3B052E2B925C3600BBC695 /* MainTabBarController.swift */ = {isa = PBXFileReference; lastKnownFileType = sourcecode.swift; path = MainTabBarController.swift; sourceTree = "<group>"; };
		0E3B05312B9261BD00BBC695 /* CategoriesController.swift */ = {isa = PBXFileReference; lastKnownFileType = sourcecode.swift; path = CategoriesController.swift; sourceTree = "<group>"; };
		0E3B05342B92620200BBC695 /* SearchController.swift */ = {isa = PBXFileReference; lastKnownFileType = sourcecode.swift; path = SearchController.swift; sourceTree = "<group>"; };
		0E3B05362B9262CF00BBC695 /* BasketController.swift */ = {isa = PBXFileReference; lastKnownFileType = sourcecode.swift; path = BasketController.swift; sourceTree = "<group>"; };
		0E3B05382B9262E200BBC695 /* ProfileController.swift */ = {isa = PBXFileReference; lastKnownFileType = sourcecode.swift; path = ProfileController.swift; sourceTree = "<group>"; };
		0E3B053B2B926CE400BBC695 /* HomeCollectionCell.swift */ = {isa = PBXFileReference; lastKnownFileType = sourcecode.swift; path = HomeCollectionCell.swift; sourceTree = "<group>"; };
		0E3B05422B9294BF00BBC695 /* Extensions.swift */ = {isa = PBXFileReference; fileEncoding = 4; lastKnownFileType = sourcecode.swift; path = Extensions.swift; sourceTree = "<group>"; };
		0E3B05442B92974200BBC695 /* Categories.swift */ = {isa = PBXFileReference; lastKnownFileType = sourcecode.swift; path = Categories.swift; sourceTree = "<group>"; };
		0E3B05472B929A9E00BBC695 /* ProductsController.swift */ = {isa = PBXFileReference; lastKnownFileType = sourcecode.swift; path = ProductsController.swift; sourceTree = "<group>"; };
		0E3B05492B92A14E00BBC695 /* ProductTableCell.swift */ = {isa = PBXFileReference; lastKnownFileType = sourcecode.swift; path = ProductTableCell.swift; sourceTree = "<group>"; };
		0E5336422B9498400067E188 /* SignUpViewModel.swift */ = {isa = PBXFileReference; lastKnownFileType = sourcecode.swift; path = SignUpViewModel.swift; sourceTree = "<group>"; };
		0E5336442B94A3500067E188 /* User.swift */ = {isa = PBXFileReference; lastKnownFileType = sourcecode.swift; path = User.swift; sourceTree = "<group>"; };
		0E5336482B94AC200067E188 /* FCollectionReference.swift */ = {isa = PBXFileReference; lastKnownFileType = sourcecode.swift; path = FCollectionReference.swift; sourceTree = "<group>"; };
		0E53364A2B94F9E70067E188 /* FileStorage.swift */ = {isa = PBXFileReference; lastKnownFileType = sourcecode.swift; path = FileStorage.swift; sourceTree = "<group>"; };
		0EFF69C32B933EBC007D996C /* CategoryViewModel.swift */ = {isa = PBXFileReference; lastKnownFileType = sourcecode.swift; path = CategoryViewModel.swift; sourceTree = "<group>"; };
		0EFF69C52B934B8A007D996C /* FavoritesController.swift */ = {isa = PBXFileReference; lastKnownFileType = sourcecode.swift; path = FavoritesController.swift; sourceTree = "<group>"; };
		0EFF69C72B9354B7007D996C /* ProductController.swift */ = {isa = PBXFileReference; lastKnownFileType = sourcecode.swift; path = ProductController.swift; sourceTree = "<group>"; };
		0EFF69C92B9359C2007D996C /* AddProductController.swift */ = {isa = PBXFileReference; lastKnownFileType = sourcecode.swift; path = AddProductController.swift; sourceTree = "<group>"; };
		0EFF69CB2B9367BB007D996C /* GoogleService-Info.plist */ = {isa = PBXFileReference; fileEncoding = 4; lastKnownFileType = text.plist.xml; path = "GoogleService-Info.plist"; sourceTree = "<group>"; };
		7F936CDDF3571A17AB2F119F /* Pods-eBay.release.xcconfig */ = {isa = PBXFileReference; includeInIndex = 1; lastKnownFileType = text.xcconfig; name = "Pods-eBay.release.xcconfig"; path = "Target Support Files/Pods-eBay/Pods-eBay.release.xcconfig"; sourceTree = "<group>"; };
		A1D62497368721E55F76B64E /* Pods-eBay.debug.xcconfig */ = {isa = PBXFileReference; includeInIndex = 1; lastKnownFileType = text.xcconfig; name = "Pods-eBay.debug.xcconfig"; path = "Target Support Files/Pods-eBay/Pods-eBay.debug.xcconfig"; sourceTree = "<group>"; };
		A21E4F729A967F0D02ACA7E8 /* Pods_eBay.framework */ = {isa = PBXFileReference; explicitFileType = wrapper.framework; includeInIndex = 0; path = Pods_eBay.framework; sourceTree = BUILT_PRODUCTS_DIR; };
/* End PBXFileReference section */

/* Begin PBXFrameworksBuildPhase section */
		0E3B05142B92546F00BBC695 /* Frameworks */ = {
			isa = PBXFrameworksBuildPhase;
			buildActionMask = 2147483647;
			files = (
				C21A12E26919E721054D924B /* Pods_eBay.framework in Frameworks */,
			);
			runOnlyForDeploymentPostprocessing = 0;
		};
/* End PBXFrameworksBuildPhase section */

/* Begin PBXGroup section */
		0E1C32842B936DFE00A6B9B5 /* Authentifications */ = {
			isa = PBXGroup;
			children = (
				0E1C32852B936E3B00A6B9B5 /* SignInController.swift */,
				0E1C328D2B93909200A6B9B5 /* SignUpController.swift */,
			);
			path = Authentifications;
			sourceTree = "<group>";
		};
		0E1C32892B93897000A6B9B5 /* API */ = {
			isa = PBXGroup;
			children = (
				0E1C328B2B9389F300A6B9B5 /* FirebaseAuthManager.swift */,
				0E5336482B94AC200067E188 /* FCollectionReference.swift */,
				0E53364A2B94F9E70067E188 /* FileStorage.swift */,
			);
			path = API;
			sourceTree = "<group>";
		};
		0E3B050E2B92546F00BBC695 = {
			isa = PBXGroup;
			children = (
				0E3B05192B92546F00BBC695 /* eBay */,
				0E3B05182B92546F00BBC695 /* Products */,
				640B8C8AA7C4A5780D49F144 /* Pods */,
				C3C4FD0547070FCC4B4E6008 /* Frameworks */,
			);
			sourceTree = "<group>";
		};
		0E3B05182B92546F00BBC695 /* Products */ = {
			isa = PBXGroup;
			children = (
				0E3B05172B92546F00BBC695 /* eBay.app */,
			);
			name = Products;
			sourceTree = "<group>";
		};
		0E3B05192B92546F00BBC695 /* eBay */ = {
			isa = PBXGroup;
			children = (
				0E3B05412B92860C00BBC695 /* Models */,
				0E3B05402B9285FB00BBC695 /* ViewModels */,
				0E3B053A2B926CC700BBC695 /* Views */,
				0E3B05302B925EAE00BBC695 /* Controllers */,
				0E1C32892B93897000A6B9B5 /* API */,
				0E3B053F2B92827300BBC695 /* Utils */,
				0E3B051A2B92546F00BBC695 /* AppDelegate.swift */,
				0E3B051C2B92546F00BBC695 /* SceneDelegate.swift */,
				0E3B051E2B92546F00BBC695 /* ViewController.swift */,
				0E3B05202B92546F00BBC695 /* Main.storyboard */,
				0E3B05252B92547000BBC695 /* LaunchScreen.storyboard */,
				0E3B05232B92547000BBC695 /* Assets.xcassets */,
				0E3B05282B92547000BBC695 /* Info.plist */,
				0EFF69CB2B9367BB007D996C /* GoogleService-Info.plist */,
			);
			path = eBay;
			sourceTree = "<group>";
		};
		0E3B05302B925EAE00BBC695 /* Controllers */ = {
			isa = PBXGroup;
			children = (
				0E1C32842B936DFE00A6B9B5 /* Authentifications */,
				0E3B052E2B925C3600BBC695 /* MainTabBarController.swift */,
				0E3B05312B9261BD00BBC695 /* CategoriesController.swift */,
				0E3B05342B92620200BBC695 /* SearchController.swift */,
				0EFF69C52B934B8A007D996C /* FavoritesController.swift */,
				0E3B05362B9262CF00BBC695 /* BasketController.swift */,
				0E3B05382B9262E200BBC695 /* ProfileController.swift */,
				0E3B05462B929A4300BBC695 /* Product */,
			);
			path = Controllers;
			sourceTree = "<group>";
		};
		0E3B053A2B926CC700BBC695 /* Views */ = {
			isa = PBXGroup;
			children = (
				0E3B053B2B926CE400BBC695 /* HomeCollectionCell.swift */,
				0E3B05492B92A14E00BBC695 /* ProductTableCell.swift */,
			);
			path = Views;
			sourceTree = "<group>";
		};
		0E3B053F2B92827300BBC695 /* Utils */ = {
			isa = PBXGroup;
			children = (
				0E3B05422B9294BF00BBC695 /* Extensions.swift */,
			);
			path = Utils;
			sourceTree = "<group>";
		};
		0E3B05402B9285FB00BBC695 /* ViewModels */ = {
			isa = PBXGroup;
			children = (
				0EFF69C32B933EBC007D996C /* CategoryViewModel.swift */,
				0E1C32872B93863E00A6B9B5 /* SignInViewModel.swift */,
				0E5336422B9498400067E188 /* SignUpViewModel.swift */,
			);
			path = ViewModels;
			sourceTree = "<group>";
		};
		0E3B05412B92860C00BBC695 /* Models */ = {
			isa = PBXGroup;
			children = (
				0E3B05442B92974200BBC695 /* Categories.swift */,
				0E5336442B94A3500067E188 /* User.swift */,
			);
			path = Models;
			sourceTree = "<group>";
		};
		0E3B05462B929A4300BBC695 /* Product */ = {
			isa = PBXGroup;
			children = (
				0E3B05472B929A9E00BBC695 /* ProductsController.swift */,
				0EFF69C72B9354B7007D996C /* ProductController.swift */,
				0EFF69C92B9359C2007D996C /* AddProductController.swift */,
			);
			path = Product;
			sourceTree = "<group>";
		};
		640B8C8AA7C4A5780D49F144 /* Pods */ = {
			isa = PBXGroup;
			children = (
				A1D62497368721E55F76B64E /* Pods-eBay.debug.xcconfig */,
				7F936CDDF3571A17AB2F119F /* Pods-eBay.release.xcconfig */,
			);
			path = Pods;
			sourceTree = "<group>";
		};
		C3C4FD0547070FCC4B4E6008 /* Frameworks */ = {
			isa = PBXGroup;
			children = (
				A21E4F729A967F0D02ACA7E8 /* Pods_eBay.framework */,
			);
			name = Frameworks;
			sourceTree = "<group>";
		};
/* End PBXGroup section */

/* Begin PBXNativeTarget section */
		0E3B05162B92546F00BBC695 /* eBay */ = {
			isa = PBXNativeTarget;
			buildConfigurationList = 0E3B052B2B92547000BBC695 /* Build configuration list for PBXNativeTarget "eBay" */;
			buildPhases = (
				B93DB22408598038650B592B /* [CP] Check Pods Manifest.lock */,
				0E3B05132B92546F00BBC695 /* Sources */,
				0E3B05142B92546F00BBC695 /* Frameworks */,
				0E3B05152B92546F00BBC695 /* Resources */,
				006ED49CA0F3DD906A6FC06B /* [CP] Embed Pods Frameworks */,
			);
			buildRules = (
			);
			dependencies = (
			);
			name = eBay;
			productName = eBay;
			productReference = 0E3B05172B92546F00BBC695 /* eBay.app */;
			productType = "com.apple.product-type.application";
		};
/* End PBXNativeTarget section */

/* Begin PBXProject section */
		0E3B050F2B92546F00BBC695 /* Project object */ = {
			isa = PBXProject;
			attributes = {
				BuildIndependentTargetsInParallel = 1;
				LastSwiftUpdateCheck = 1420;
				LastUpgradeCheck = 1420;
				TargetAttributes = {
					0E3B05162B92546F00BBC695 = {
						CreatedOnToolsVersion = 14.2;
					};
				};
			};
			buildConfigurationList = 0E3B05122B92546F00BBC695 /* Build configuration list for PBXProject "eBay" */;
			compatibilityVersion = "Xcode 14.0";
			developmentRegion = en;
			hasScannedForEncodings = 0;
			knownRegions = (
				en,
				Base,
			);
			mainGroup = 0E3B050E2B92546F00BBC695;
			productRefGroup = 0E3B05182B92546F00BBC695 /* Products */;
			projectDirPath = "";
			projectRoot = "";
			targets = (
				0E3B05162B92546F00BBC695 /* eBay */,
			);
		};
/* End PBXProject section */

/* Begin PBXResourcesBuildPhase section */
		0E3B05152B92546F00BBC695 /* Resources */ = {
			isa = PBXResourcesBuildPhase;
			buildActionMask = 2147483647;
			files = (
				0E3B05272B92547000BBC695 /* LaunchScreen.storyboard in Resources */,
				0EFF69CC2B9367BB007D996C /* GoogleService-Info.plist in Resources */,
				0E3B05242B92547000BBC695 /* Assets.xcassets in Resources */,
				0E3B05222B92546F00BBC695 /* Main.storyboard in Resources */,
			);
			runOnlyForDeploymentPostprocessing = 0;
		};
/* End PBXResourcesBuildPhase section */

/* Begin PBXShellScriptBuildPhase section */
		006ED49CA0F3DD906A6FC06B /* [CP] Embed Pods Frameworks */ = {
			isa = PBXShellScriptBuildPhase;
			buildActionMask = 2147483647;
			files = (
			);
			inputFileListPaths = (
				"${PODS_ROOT}/Target Support Files/Pods-eBay/Pods-eBay-frameworks-${CONFIGURATION}-input-files.xcfilelist",
			);
			name = "[CP] Embed Pods Frameworks";
			outputFileListPaths = (
				"${PODS_ROOT}/Target Support Files/Pods-eBay/Pods-eBay-frameworks-${CONFIGURATION}-output-files.xcfilelist",
			);
			runOnlyForDeploymentPostprocessing = 0;
			shellPath = /bin/sh;
			shellScript = "\"${PODS_ROOT}/Target Support Files/Pods-eBay/Pods-eBay-frameworks.sh\"\n";
			showEnvVarsInLog = 0;
		};
		B93DB22408598038650B592B /* [CP] Check Pods Manifest.lock */ = {
			isa = PBXShellScriptBuildPhase;
			buildActionMask = 2147483647;
			files = (
			);
			inputFileListPaths = (
			);
			inputPaths = (
				"${PODS_PODFILE_DIR_PATH}/Podfile.lock",
				"${PODS_ROOT}/Manifest.lock",
			);
			name = "[CP] Check Pods Manifest.lock";
			outputFileListPaths = (
			);
			outputPaths = (
				"$(DERIVED_FILE_DIR)/Pods-eBay-checkManifestLockResult.txt",
			);
			runOnlyForDeploymentPostprocessing = 0;
			shellPath = /bin/sh;
			shellScript = "diff \"${PODS_PODFILE_DIR_PATH}/Podfile.lock\" \"${PODS_ROOT}/Manifest.lock\" > /dev/null\nif [ $? != 0 ] ; then\n    # print error to STDERR\n    echo \"error: The sandbox is not in sync with the Podfile.lock. Run 'pod install' or update your CocoaPods installation.\" >&2\n    exit 1\nfi\n# This output is used by Xcode 'outputs' to avoid re-running this script phase.\necho \"SUCCESS\" > \"${SCRIPT_OUTPUT_FILE_0}\"\n";
			showEnvVarsInLog = 0;
		};
/* End PBXShellScriptBuildPhase section */

/* Begin PBXSourcesBuildPhase section */
		0E3B05132B92546F00BBC695 /* Sources */ = {
			isa = PBXSourcesBuildPhase;
			buildActionMask = 2147483647;
			files = (
				0EFF69C42B933EBC007D996C /* CategoryViewModel.swift in Sources */,
				0E53364B2B94F9E70067E188 /* FileStorage.swift in Sources */,
				0EFF69CA2B9359C2007D996C /* AddProductController.swift in Sources */,
				0E1C328E2B93909200A6B9B5 /* SignUpController.swift in Sources */,
				0E3B05352B92620200BBC695 /* SearchController.swift in Sources */,
				0E1C32882B93863E00A6B9B5 /* SignInViewModel.swift in Sources */,
				0E3B05482B929A9E00BBC695 /* ProductsController.swift in Sources */,
				0E5336492B94AC200067E188 /* FCollectionReference.swift in Sources */,
				0EFF69C62B934B8A007D996C /* FavoritesController.swift in Sources */,
				0E3B051F2B92546F00BBC695 /* ViewController.swift in Sources */,
				0E3B05372B9262CF00BBC695 /* BasketController.swift in Sources */,
				0E1C328C2B9389F300A6B9B5 /* FirebaseAuthManager.swift in Sources */,
				0E1C32862B936E3B00A6B9B5 /* SignInController.swift in Sources */,
				0E3B051B2B92546F00BBC695 /* AppDelegate.swift in Sources */,
				0E3B052F2B925C3600BBC695 /* MainTabBarController.swift in Sources */,
				0E3B05432B9294BF00BBC695 /* Extensions.swift in Sources */,
				0E3B054A2B92A14E00BBC695 /* ProductTableCell.swift in Sources */,
				0E3B05452B92974200BBC695 /* Categories.swift in Sources */,
				0E3B053C2B926CE400BBC695 /* HomeCollectionCell.swift in Sources */,
				0E3B051D2B92546F00BBC695 /* SceneDelegate.swift in Sources */,
				0E3B05392B9262E200BBC695 /* ProfileController.swift in Sources */,
				0EFF69C82B9354B7007D996C /* ProductController.swift in Sources */,
				0E5336432B9498400067E188 /* SignUpViewModel.swift in Sources */,
				0E3B05322B9261BD00BBC695 /* CategoriesController.swift in Sources */,
				0E5336452B94A3500067E188 /* User.swift in Sources */,
			);
			runOnlyForDeploymentPostprocessing = 0;
		};
/* End PBXSourcesBuildPhase section */

/* Begin PBXVariantGroup section */
		0E3B05202B92546F00BBC695 /* Main.storyboard */ = {
			isa = PBXVariantGroup;
			children = (
				0E3B05212B92546F00BBC695 /* Base */,
			);
			name = Main.storyboard;
			sourceTree = "<group>";
		};
		0E3B05252B92547000BBC695 /* LaunchScreen.storyboard */ = {
			isa = PBXVariantGroup;
			children = (
				0E3B05262B92547000BBC695 /* Base */,
			);
			name = LaunchScreen.storyboard;
			sourceTree = "<group>";
		};
/* End PBXVariantGroup section */

/* Begin XCBuildConfiguration section */
		0E3B05292B92547000BBC695 /* Debug */ = {
			isa = XCBuildConfiguration;
			buildSettings = {
				ALWAYS_SEARCH_USER_PATHS = NO;
				CLANG_ANALYZER_NONNULL = YES;
				CLANG_ANALYZER_NUMBER_OBJECT_CONVERSION = YES_AGGRESSIVE;
				CLANG_CXX_LANGUAGE_STANDARD = "gnu++20";
				CLANG_ENABLE_MODULES = YES;
				CLANG_ENABLE_OBJC_ARC = YES;
				CLANG_ENABLE_OBJC_WEAK = YES;
				CLANG_WARN_BLOCK_CAPTURE_AUTORELEASING = YES;
				CLANG_WARN_BOOL_CONVERSION = YES;
				CLANG_WARN_COMMA = YES;
				CLANG_WARN_CONSTANT_CONVERSION = YES;
				CLANG_WARN_DEPRECATED_OBJC_IMPLEMENTATIONS = YES;
				CLANG_WARN_DIRECT_OBJC_ISA_USAGE = YES_ERROR;
				CLANG_WARN_DOCUMENTATION_COMMENTS = YES;
				CLANG_WARN_EMPTY_BODY = YES;
				CLANG_WARN_ENUM_CONVERSION = YES;
				CLANG_WARN_INFINITE_RECURSION = YES;
				CLANG_WARN_INT_CONVERSION = YES;
				CLANG_WARN_NON_LITERAL_NULL_CONVERSION = YES;
				CLANG_WARN_OBJC_IMPLICIT_RETAIN_SELF = YES;
				CLANG_WARN_OBJC_LITERAL_CONVERSION = YES;
				CLANG_WARN_OBJC_ROOT_CLASS = YES_ERROR;
				CLANG_WARN_QUOTED_INCLUDE_IN_FRAMEWORK_HEADER = YES;
				CLANG_WARN_RANGE_LOOP_ANALYSIS = YES;
				CLANG_WARN_STRICT_PROTOTYPES = YES;
				CLANG_WARN_SUSPICIOUS_MOVE = YES;
				CLANG_WARN_UNGUARDED_AVAILABILITY = YES_AGGRESSIVE;
				CLANG_WARN_UNREACHABLE_CODE = YES;
				CLANG_WARN__DUPLICATE_METHOD_MATCH = YES;
				COPY_PHASE_STRIP = NO;
				DEBUG_INFORMATION_FORMAT = dwarf;
				ENABLE_STRICT_OBJC_MSGSEND = YES;
				ENABLE_TESTABILITY = YES;
				GCC_C_LANGUAGE_STANDARD = gnu11;
				GCC_DYNAMIC_NO_PIC = NO;
				GCC_NO_COMMON_BLOCKS = YES;
				GCC_OPTIMIZATION_LEVEL = 0;
				GCC_PREPROCESSOR_DEFINITIONS = (
					"DEBUG=1",
					"$(inherited)",
				);
				GCC_WARN_64_TO_32_BIT_CONVERSION = YES;
				GCC_WARN_ABOUT_RETURN_TYPE = YES_ERROR;
				GCC_WARN_UNDECLARED_SELECTOR = YES;
				GCC_WARN_UNINITIALIZED_AUTOS = YES_AGGRESSIVE;
				GCC_WARN_UNUSED_FUNCTION = YES;
				GCC_WARN_UNUSED_VARIABLE = YES;
				IPHONEOS_DEPLOYMENT_TARGET = 16.2;
				MTL_ENABLE_DEBUG_INFO = INCLUDE_SOURCE;
				MTL_FAST_MATH = YES;
				ONLY_ACTIVE_ARCH = YES;
				SDKROOT = iphoneos;
				SWIFT_ACTIVE_COMPILATION_CONDITIONS = DEBUG;
				SWIFT_OPTIMIZATION_LEVEL = "-Onone";
			};
			name = Debug;
		};
		0E3B052A2B92547000BBC695 /* Release */ = {
			isa = XCBuildConfiguration;
			buildSettings = {
				ALWAYS_SEARCH_USER_PATHS = NO;
				CLANG_ANALYZER_NONNULL = YES;
				CLANG_ANALYZER_NUMBER_OBJECT_CONVERSION = YES_AGGRESSIVE;
				CLANG_CXX_LANGUAGE_STANDARD = "gnu++20";
				CLANG_ENABLE_MODULES = YES;
				CLANG_ENABLE_OBJC_ARC = YES;
				CLANG_ENABLE_OBJC_WEAK = YES;
				CLANG_WARN_BLOCK_CAPTURE_AUTORELEASING = YES;
				CLANG_WARN_BOOL_CONVERSION = YES;
				CLANG_WARN_COMMA = YES;
				CLANG_WARN_CONSTANT_CONVERSION = YES;
				CLANG_WARN_DEPRECATED_OBJC_IMPLEMENTATIONS = YES;
				CLANG_WARN_DIRECT_OBJC_ISA_USAGE = YES_ERROR;
				CLANG_WARN_DOCUMENTATION_COMMENTS = YES;
				CLANG_WARN_EMPTY_BODY = YES;
				CLANG_WARN_ENUM_CONVERSION = YES;
				CLANG_WARN_INFINITE_RECURSION = YES;
				CLANG_WARN_INT_CONVERSION = YES;
				CLANG_WARN_NON_LITERAL_NULL_CONVERSION = YES;
				CLANG_WARN_OBJC_IMPLICIT_RETAIN_SELF = YES;
				CLANG_WARN_OBJC_LITERAL_CONVERSION = YES;
				CLANG_WARN_OBJC_ROOT_CLASS = YES_ERROR;
				CLANG_WARN_QUOTED_INCLUDE_IN_FRAMEWORK_HEADER = YES;
				CLANG_WARN_RANGE_LOOP_ANALYSIS = YES;
				CLANG_WARN_STRICT_PROTOTYPES = YES;
				CLANG_WARN_SUSPICIOUS_MOVE = YES;
				CLANG_WARN_UNGUARDED_AVAILABILITY = YES_AGGRESSIVE;
				CLANG_WARN_UNREACHABLE_CODE = YES;
				CLANG_WARN__DUPLICATE_METHOD_MATCH = YES;
				COPY_PHASE_STRIP = NO;
				DEBUG_INFORMATION_FORMAT = "dwarf-with-dsym";
				ENABLE_NS_ASSERTIONS = NO;
				ENABLE_STRICT_OBJC_MSGSEND = YES;
				GCC_C_LANGUAGE_STANDARD = gnu11;
				GCC_NO_COMMON_BLOCKS = YES;
				GCC_WARN_64_TO_32_BIT_CONVERSION = YES;
				GCC_WARN_ABOUT_RETURN_TYPE = YES_ERROR;
				GCC_WARN_UNDECLARED_SELECTOR = YES;
				GCC_WARN_UNINITIALIZED_AUTOS = YES_AGGRESSIVE;
				GCC_WARN_UNUSED_FUNCTION = YES;
				GCC_WARN_UNUSED_VARIABLE = YES;
				IPHONEOS_DEPLOYMENT_TARGET = 16.2;
				MTL_ENABLE_DEBUG_INFO = NO;
				MTL_FAST_MATH = YES;
				SDKROOT = iphoneos;
				SWIFT_COMPILATION_MODE = wholemodule;
				SWIFT_OPTIMIZATION_LEVEL = "-O";
				VALIDATE_PRODUCT = YES;
			};
			name = Release;
		};
		0E3B052C2B92547000BBC695 /* Debug */ = {
			isa = XCBuildConfiguration;
			baseConfigurationReference = A1D62497368721E55F76B64E /* Pods-eBay.debug.xcconfig */;
			buildSettings = {
				ASSETCATALOG_COMPILER_APPICON_NAME = AppIcon;
				ASSETCATALOG_COMPILER_GLOBAL_ACCENT_COLOR_NAME = AccentColor;
				CODE_SIGN_STYLE = Automatic;
				CURRENT_PROJECT_VERSION = 1;
				GENERATE_INFOPLIST_FILE = YES;
				INFOPLIST_FILE = eBay/Info.plist;
				INFOPLIST_KEY_UIApplicationSupportsIndirectInputEvents = YES;
				INFOPLIST_KEY_UILaunchStoryboardName = LaunchScreen;
				INFOPLIST_KEY_UIMainStoryboardFile = Main;
				INFOPLIST_KEY_UISupportedInterfaceOrientations_iPad = "UIInterfaceOrientationPortrait UIInterfaceOrientationPortraitUpsideDown UIInterfaceOrientationLandscapeLeft UIInterfaceOrientationLandscapeRight";
				INFOPLIST_KEY_UISupportedInterfaceOrientations_iPhone = "UIInterfaceOrientationPortrait UIInterfaceOrientationLandscapeLeft UIInterfaceOrientationLandscapeRight";
				LD_RUNPATH_SEARCH_PATHS = (
					"$(inherited)",
					"@executable_path/Frameworks",
				);
				MARKETING_VERSION = 1.0;
				PRODUCT_BUNDLE_IDENTIFIER = "Dan-Hozan.eBay";
				PRODUCT_NAME = "$(TARGET_NAME)";
				SWIFT_EMIT_LOC_STRINGS = YES;
				SWIFT_VERSION = 5.0;
				TARGETED_DEVICE_FAMILY = "1,2";
			};
			name = Debug;
		};
		0E3B052D2B92547000BBC695 /* Release */ = {
			isa = XCBuildConfiguration;
			baseConfigurationReference = 7F936CDDF3571A17AB2F119F /* Pods-eBay.release.xcconfig */;
			buildSettings = {
				ASSETCATALOG_COMPILER_APPICON_NAME = AppIcon;
				ASSETCATALOG_COMPILER_GLOBAL_ACCENT_COLOR_NAME = AccentColor;
				CODE_SIGN_STYLE = Automatic;
				CURRENT_PROJECT_VERSION = 1;
				GENERATE_INFOPLIST_FILE = YES;
				INFOPLIST_FILE = eBay/Info.plist;
				INFOPLIST_KEY_UIApplicationSupportsIndirectInputEvents = YES;
				INFOPLIST_KEY_UILaunchStoryboardName = LaunchScreen;
				INFOPLIST_KEY_UIMainStoryboardFile = Main;
				INFOPLIST_KEY_UISupportedInterfaceOrientations_iPad = "UIInterfaceOrientationPortrait UIInterfaceOrientationPortraitUpsideDown UIInterfaceOrientationLandscapeLeft UIInterfaceOrientationLandscapeRight";
				INFOPLIST_KEY_UISupportedInterfaceOrientations_iPhone = "UIInterfaceOrientationPortrait UIInterfaceOrientationLandscapeLeft UIInterfaceOrientationLandscapeRight";
				LD_RUNPATH_SEARCH_PATHS = (
					"$(inherited)",
					"@executable_path/Frameworks",
				);
				MARKETING_VERSION = 1.0;
				PRODUCT_BUNDLE_IDENTIFIER = "Dan-Hozan.eBay";
				PRODUCT_NAME = "$(TARGET_NAME)";
				SWIFT_EMIT_LOC_STRINGS = YES;
				SWIFT_VERSION = 5.0;
				TARGETED_DEVICE_FAMILY = "1,2";
			};
			name = Release;
		};
/* End XCBuildConfiguration section */

/* Begin XCConfigurationList section */
		0E3B05122B92546F00BBC695 /* Build configuration list for PBXProject "eBay" */ = {
			isa = XCConfigurationList;
			buildConfigurations = (
				0E3B05292B92547000BBC695 /* Debug */,
				0E3B052A2B92547000BBC695 /* Release */,
			);
			defaultConfigurationIsVisible = 0;
			defaultConfigurationName = Release;
		};
		0E3B052B2B92547000BBC695 /* Build configuration list for PBXNativeTarget "eBay" */ = {
			isa = XCConfigurationList;
			buildConfigurations = (
				0E3B052C2B92547000BBC695 /* Debug */,
				0E3B052D2B92547000BBC695 /* Release */,
			);
			defaultConfigurationIsVisible = 0;
			defaultConfigurationName = Release;
		};
/* End XCConfigurationList section */
	};
	rootObject = 0E3B050F2B92546F00BBC695 /* Project object */;
}
